PODS:
  - BEMCheckBox (1.4.1)
  - DropDown (2.3.13)
  - FSCalendar (2.8.4)
  - GooglePlaces (6.2.1)
  - IQKeyboardManagerSwift (6.5.10)
  - SideMenuSwift (2.0.9)
  - SwiftGifOrigin (1.7.0)
  - SwiftKeychainWrapper (4.0.1)
  - SwiftyGif (5.4.4)
  - TTGSnackbar (1.11.1)

DEPENDENCIES:
  - BEMCheckBox
  - DropDown
  - FSCalendar (~> 2.8)
  - GooglePlaces
  - IQKeyboardManagerSwift
  - SideMenuSwift
  - SwiftGifOrigin
  - SwiftKeychainWrapper
  - SwiftyGif
  - TTGSnackbar

SPEC REPOS:
  trunk:
    - BEMCheckBox
    - DropDown
    - FSCalendar
    - GooglePlaces
    - IQKeyboardManagerSwift
    - SideMenuSwift
    - SwiftGifOrigin
    - SwiftKeychainWrapper
    - SwiftyGif
    - TTGSnackbar

SPEC CHECKSUMS:
  BEMCheckBox: 5ba6e37ade3d3657b36caecc35c8b75c6c2b1a4e
  DropDown: 8a2116376c1981888557f72ec2ffc9a5e0e456ec
  FSCalendar: 2d1d0d9398f12d439f55c1fe0f01525b151b8260
  GooglePlaces: 94974aa119573d5acc2a35a699948dac838abd73
  IQKeyboardManagerSwift: 52962c76ab33532f15ad9f3ff4e5715eda5335bb
  SideMenuSwift: 39f1922e225da4aaa8b16591037a929defe960c9
  SwiftGifOrigin: fbd6cf37afcfcf97a5c3db996ddc0492e5c5c145
  SwiftKeychainWrapper: 807ba1d63c33a7d0613288512399cd1eda1e470c
  SwiftyGif: 93a1cc87bf3a51916001cf8f3d63835fb64c819f
  TTGSnackbar: fea91c62637b5662f808a4c3b55f7631cb7e1ef7

PODFILE CHECKSUM: a13f89706883581f0f6909c84efefb6e8088b8b8

COCOAPODS: 1.12.1
